
Microsoft Visual Studio Solution File, Format Version 12.00
# Visual Studio Version 17
VisualStudioVersion = 17.5.001.0
MinimumVisualStudioVersion = 10.0.40219.1
Project("{9A19103F-16F7-4668-BE54-9A1E7A4F7556}") = "tip_donusum", "tip_donusum.csproj", "{CD376D1A-BE1C-44DE-9FF1-4C9380EFED19}"
EndProject
Global
	GlobalSection(SolutionConfigurationPlatforms) = preSolution
		Debug|Any CPU = Debug|Any CPU
		Release|Any CPU = Release|Any CPU
	EndGlobalSection
	GlobalSection(ProjectConfigurationPlatforms) = postSolution
		{CD376D1A-BE1C-44DE-9FF1-4C9380EFED19}.Debug|Any CPU.ActiveCfg = Debug|Any CPU
		{CD376D1A-BE1C-44DE-9FF1-4C9380EFED19}.Debug|Any CPU.Build.0 = Debug|Any CPU
		{CD376D1A-BE1C-44DE-9FF1-4C9380EFED19}.Release|Any CPU.ActiveCfg = Release|Any CPU
		{CD376D1A-BE1C-44DE-9FF1-4C9380EFED19}.Release|Any CPU.Build.0 = Release|Any CPU
	EndGlobalSection
	GlobalSection(SolutionProperties) = preSolution
		HideSolutionNode = FALSE
	EndGlobalSection
	GlobalSection(ExtensibilityGlobals) = postSolution
		SolutionGuid = {8B600BB3-C024-4D08-B148-FE4468B0B3EB}
	EndGlobalSection
EndGlobal
